
Microsoft Visual Studio Solution File, Format Version 12.00
Project("{2150E333-8FDC-42A3-9474-1A3956D46DE8}") = "src", "src", "{AD371A7F-3FCE-4848-AF6C-157726E45DF9}"
EndProject
Project("{FAE04EC0-301F-11D3-BF4B-00C04F79EFBC}") = "Matchmaker.Domain", "src\Matchmaker.Domain\Matchmaker.Domain.csproj", "{C652CD3B-075C-4EF1-9A13-26B5D65820F4}"
EndProject
Project("{FAE04EC0-301F-11D3-BF4B-00C04F79EFBC}") = "Matchmaker.Infra.Data", "src\Matchmaker.Infra.Data\Matchmaker.Infra.Data.csproj", "{E1719BC7-79BB-41DF-A022-11786BB3A5A0}"
EndProject
Project("{FAE04EC0-301F-11D3-BF4B-00C04F79EFBC}") = "Matchmaker.Api", "src\Matchmaker.Api\Matchmaker.Api.csproj", "{286F563A-ACBB-4F13-9547-C43EC23ABCC8}"
EndProject
Project("{FAE04EC0-301F-11D3-BF4B-00C04F79EFBC}") = "Matchmaker.Infra.Http", "src\Matchmaker.Infra.Http\Matchmaker.Infra.Http.csproj", "{CE0E29A9-AF70-43DC-BA97-F2BEB9A7F8CF}"
EndProject
Project("{FAE04EC0-301F-11D3-BF4B-00C04F79EFBC}") = "Matchmaker", "src\Matchmaker\Matchmaker.csproj", "{823BD705-135B-4CA1-A5DD-C6D4D619BCB9}"
EndProject
Project("{2150E333-8FDC-42A3-9474-1A3956D46DE8}") = "tests", "tests", "{912C1AFB-2F56-4D0B-80FA-6550CD008F89}"
EndProject
Project("{FAE04EC0-301F-11D3-BF4B-00C04F79EFBC}") = "Matchmaker.Tests", "tests\Matchmaker.Tests\Matchmaker.Tests.csproj", "{3CD0C8ED-74AD-4E0D-840A-A26D2752BADB}"
EndProject
Global
	GlobalSection(SolutionConfigurationPlatforms) = preSolution
		Debug|Any CPU = Debug|Any CPU
		Release|Any CPU = Release|Any CPU
	EndGlobalSection
	GlobalSection(NestedProjects) = preSolution
		{C652CD3B-075C-4EF1-9A13-26B5D65820F4} = {AD371A7F-3FCE-4848-AF6C-157726E45DF9}
		{E1719BC7-79BB-41DF-A022-11786BB3A5A0} = {AD371A7F-3FCE-4848-AF6C-157726E45DF9}
		{286F563A-ACBB-4F13-9547-C43EC23ABCC8} = {AD371A7F-3FCE-4848-AF6C-157726E45DF9}
		{CE0E29A9-AF70-43DC-BA97-F2BEB9A7F8CF} = {AD371A7F-3FCE-4848-AF6C-157726E45DF9}
		{823BD705-135B-4CA1-A5DD-C6D4D619BCB9} = {AD371A7F-3FCE-4848-AF6C-157726E45DF9}
		{3CD0C8ED-74AD-4E0D-840A-A26D2752BADB} = {912C1AFB-2F56-4D0B-80FA-6550CD008F89}
	EndGlobalSection
	GlobalSection(ProjectConfigurationPlatforms) = postSolution
		{C652CD3B-075C-4EF1-9A13-26B5D65820F4}.Debug|Any CPU.ActiveCfg = Debug|Any CPU
		{C652CD3B-075C-4EF1-9A13-26B5D65820F4}.Debug|Any CPU.Build.0 = Debug|Any CPU
		{C652CD3B-075C-4EF1-9A13-26B5D65820F4}.Release|Any CPU.ActiveCfg = Release|Any CPU
		{C652CD3B-075C-4EF1-9A13-26B5D65820F4}.Release|Any CPU.Build.0 = Release|Any CPU
		{E1719BC7-79BB-41DF-A022-11786BB3A5A0}.Debug|Any CPU.ActiveCfg = Debug|Any CPU
		{E1719BC7-79BB-41DF-A022-11786BB3A5A0}.Debug|Any CPU.Build.0 = Debug|Any CPU
		{E1719BC7-79BB-41DF-A022-11786BB3A5A0}.Release|Any CPU.ActiveCfg = Release|Any CPU
		{E1719BC7-79BB-41DF-A022-11786BB3A5A0}.Release|Any CPU.Build.0 = Release|Any CPU
		{286F563A-ACBB-4F13-9547-C43EC23ABCC8}.Debug|Any CPU.ActiveCfg = Debug|Any CPU
		{286F563A-ACBB-4F13-9547-C43EC23ABCC8}.Debug|Any CPU.Build.0 = Debug|Any CPU
		{286F563A-ACBB-4F13-9547-C43EC23ABCC8}.Release|Any CPU.ActiveCfg = Release|Any CPU
		{286F563A-ACBB-4F13-9547-C43EC23ABCC8}.Release|Any CPU.Build.0 = Release|Any CPU
		{CE0E29A9-AF70-43DC-BA97-F2BEB9A7F8CF}.Debug|Any CPU.ActiveCfg = Debug|Any CPU
		{CE0E29A9-AF70-43DC-BA97-F2BEB9A7F8CF}.Debug|Any CPU.Build.0 = Debug|Any CPU
		{CE0E29A9-AF70-43DC-BA97-F2BEB9A7F8CF}.Release|Any CPU.ActiveCfg = Release|Any CPU
		{CE0E29A9-AF70-43DC-BA97-F2BEB9A7F8CF}.Release|Any CPU.Build.0 = Release|Any CPU
		{823BD705-135B-4CA1-A5DD-C6D4D619BCB9}.Debug|Any CPU.ActiveCfg = Debug|Any CPU
		{823BD705-135B-4CA1-A5DD-C6D4D619BCB9}.Debug|Any CPU.Build.0 = Debug|Any CPU
		{823BD705-135B-4CA1-A5DD-C6D4D619BCB9}.Release|Any CPU.ActiveCfg = Release|Any CPU
		{823BD705-135B-4CA1-A5DD-C6D4D619BCB9}.Release|Any CPU.Build.0 = Release|Any CPU
		{3CD0C8ED-74AD-4E0D-840A-A26D2752BADB}.Debug|Any CPU.ActiveCfg = Debug|Any CPU
		{3CD0C8ED-74AD-4E0D-840A-A26D2752BADB}.Debug|Any CPU.Build.0 = Debug|Any CPU
		{3CD0C8ED-74AD-4E0D-840A-A26D2752BADB}.Release|Any CPU.ActiveCfg = Release|Any CPU
		{3CD0C8ED-74AD-4E0D-840A-A26D2752BADB}.Release|Any CPU.Build.0 = Release|Any CPU
	EndGlobalSection
EndGlobal
