
Microsoft Visual Studio Solution File, Format Version 12.00
Project("{2150E333-8FDC-42A3-9474-1A3956D46DE8}") = "src", "src", "{99211986-60AB-4993-BBFB-762BCEFDB9F7}"
EndProject
Project("{2150E333-8FDC-42A3-9474-1A3956D46DE8}") = "tests", "tests", "{5E552012-4450-4764-B8B0-E123ABDAB67B}"
EndProject
Project("{FAE04EC0-301F-11D3-BF4B-00C04F79EFBC}") = "Matchmaker.Domain", "src\Matchmaker.Domain\Matchmaker.Domain.csproj", "{9B18A8C8-BC84-450B-A1B7-0AFAB6C55E19}"
EndProject
Project("{FAE04EC0-301F-11D3-BF4B-00C04F79EFBC}") = "Matchmaker.Units", "tests\Matchmaker.Units\Matchmaker.Units.csproj", "{8FA74278-56B2-4333-AAAE-716FF0022BC0}"
EndProject
Project("{FAE04EC0-301F-11D3-BF4B-00C04F79EFBC}") = "Matchmaker.Infra.Data", "src\Matchmaker.Infra.Data\Matchmaker.Infra.Data.csproj", "{171EA31C-95A5-4D2E-8FFD-C31ED4962DFF}"
EndProject
Project("{FAE04EC0-301F-11D3-BF4B-00C04F79EFBC}") = "Matchmaker.Api", "src\Matchmaker.Api\Matchmaker.Api.csproj", "{B3127D49-1E83-414A-B2AA-183FC1DCC070}"
EndProject
Global
	GlobalSection(SolutionConfigurationPlatforms) = preSolution
		Debug|Any CPU = Debug|Any CPU
		Release|Any CPU = Release|Any CPU
	EndGlobalSection
	GlobalSection(NestedProjects) = preSolution
		{9B18A8C8-BC84-450B-A1B7-0AFAB6C55E19} = {99211986-60AB-4993-BBFB-762BCEFDB9F7}
		{8FA74278-56B2-4333-AAAE-716FF0022BC0} = {5E552012-4450-4764-B8B0-E123ABDAB67B}
		{171EA31C-95A5-4D2E-8FFD-C31ED4962DFF} = {99211986-60AB-4993-BBFB-762BCEFDB9F7}
		{B3127D49-1E83-414A-B2AA-183FC1DCC070} = {99211986-60AB-4993-BBFB-762BCEFDB9F7}
	EndGlobalSection
	GlobalSection(ProjectConfigurationPlatforms) = postSolution
		{9B18A8C8-BC84-450B-A1B7-0AFAB6C55E19}.Debug|Any CPU.ActiveCfg = Debug|Any CPU
		{9B18A8C8-BC84-450B-A1B7-0AFAB6C55E19}.Debug|Any CPU.Build.0 = Debug|Any CPU
		{9B18A8C8-BC84-450B-A1B7-0AFAB6C55E19}.Release|Any CPU.ActiveCfg = Release|Any CPU
		{9B18A8C8-BC84-450B-A1B7-0AFAB6C55E19}.Release|Any CPU.Build.0 = Release|Any CPU
		{8FA74278-56B2-4333-AAAE-716FF0022BC0}.Debug|Any CPU.ActiveCfg = Debug|Any CPU
		{8FA74278-56B2-4333-AAAE-716FF0022BC0}.Debug|Any CPU.Build.0 = Debug|Any CPU
		{8FA74278-56B2-4333-AAAE-716FF0022BC0}.Release|Any CPU.ActiveCfg = Release|Any CPU
		{8FA74278-56B2-4333-AAAE-716FF0022BC0}.Release|Any CPU.Build.0 = Release|Any CPU
		{171EA31C-95A5-4D2E-8FFD-C31ED4962DFF}.Debug|Any CPU.ActiveCfg = Debug|Any CPU
		{171EA31C-95A5-4D2E-8FFD-C31ED4962DFF}.Debug|Any CPU.Build.0 = Debug|Any CPU
		{171EA31C-95A5-4D2E-8FFD-C31ED4962DFF}.Release|Any CPU.ActiveCfg = Release|Any CPU
		{171EA31C-95A5-4D2E-8FFD-C31ED4962DFF}.Release|Any CPU.Build.0 = Release|Any CPU
		{B3127D49-1E83-414A-B2AA-183FC1DCC070}.Debug|Any CPU.ActiveCfg = Debug|Any CPU
		{B3127D49-1E83-414A-B2AA-183FC1DCC070}.Debug|Any CPU.Build.0 = Debug|Any CPU
		{B3127D49-1E83-414A-B2AA-183FC1DCC070}.Release|Any CPU.ActiveCfg = Release|Any CPU
		{B3127D49-1E83-414A-B2AA-183FC1DCC070}.Release|Any CPU.Build.0 = Release|Any CPU
	EndGlobalSection
EndGlobal
